// !$*UTF8*$!
{
	archiveVersion = 1;
	classes = {
	};
	objectVersion = 46;
	objects = {

/* Begin PBXBuildFile section */
		1A0807E91C0062F3002F33AE /* main.m in Sources */ = {isa = PBXBuildFile; fileRef = 1A0807E81C0062F3002F33AE /* main.m */; };
		1A0807EC1C0062F3002F33AE /* AppDelegate.m in Sources */ = {isa = PBXBuildFile; fileRef = 1A0807EB1C0062F3002F33AE /* AppDelegate.m */; };
		1A0807EF1C0062F3002F33AE /* ViewController.m in Sources */ = {isa = PBXBuildFile; fileRef = 1A0807EE1C0062F3002F33AE /* ViewController.m */; };
		1A0807F21C0062F3002F33AE /* Main.storyboard in Resources */ = {isa = PBXBuildFile; fileRef = 1A0807F01C0062F3002F33AE /* Main.storyboard */; };
		1A0807F41C0062F3002F33AE /* Assets.xcassets in Resources */ = {isa = PBXBuildFile; fileRef = 1A0807F31C0062F3002F33AE /* Assets.xcassets */; };
		1A0807F71C0062F3002F33AE /* LaunchScreen.storyboard in Resources */ = {isa = PBXBuildFile; fileRef = 1A0807F51C0062F3002F33AE /* LaunchScreen.storyboard */; };
		1A08081F1C00635C002F33AE /* ArcToCircleLayer.m in Sources */ = {isa = PBXBuildFile; fileRef = 1A08081C1C00635C002F33AE /* ArcToCircleLayer.m */; settings = {ASSET_TAGS = (); }; };
		1A0808201C00635C002F33AE /* OneLoadingAnimationView.m in Sources */ = {isa = PBXBuildFile; fileRef = 1A08081E1C00635C002F33AE /* OneLoadingAnimationView.m */; settings = {ASSET_TAGS = (); }; };
/* End PBXBuildFile section */

/* Begin PBXFileReference section */
		1A0807E41C0062F3002F33AE /* OneLoadingAnimationStep2.app */ = {isa = PBXFileReference; explicitFileType = wrapper.application; includeInIndex = 0; path = OneLoadingAnimationStep2.app; sourceTree = BUILT_PRODUCTS_DIR; };
		1A0807E81C0062F3002F33AE /* main.m */ = {isa = PBXFileReference; lastKnownFileType = sourcecode.c.objc; path = main.m; sourceTree = "<group>"; };
		1A0807EA1C0062F3002F33AE /* AppDelegate.h */ = {isa = PBXFileReference; lastKnownFileType = sourcecode.c.h; path = AppDelegate.h; sourceTree = "<group>"; };
		1A0807EB1C0062F3002F33AE /* AppDelegate.m */ = {isa = PBXFileReference; lastKnownFileType = sourcecode.c.objc; path = AppDelegate.m; sourceTree = "<group>"; };
		1A0807ED1C0062F3002F33AE /* ViewController.h */ = {isa = PBXFileReference; lastKnownFileType = sourcecode.c.h; path = ViewController.h; sourceTree = "<group>"; };
		1A0807EE1C0062F3002F33AE /* ViewController.m */ = {isa = PBXFileReference; lastKnownFileType = sourcecode.c.objc; path = ViewController.m; sourceTree = "<group>"; };
		1A0807F11C0062F3002F33AE /* Base */ = {isa = PBXFileReference; lastKnownFileType = file.storyboard; name = Base; path = Base.lproj/Main.storyboard; sourceTree = "<group>"; };
		1A0807F31C0062F3002F33AE /* Assets.xcassets */ = {isa = PBXFileReference; lastKnownFileType = folder.assetcatalog; path = Assets.xcassets; sourceTree = "<group>"; };
		1A0807F61C0062F3002F33AE /* Base */ = {isa = PBXFileReference; lastKnownFileType = file.storyboard; name = Base; path = Base.lproj/LaunchScreen.storyboard; sourceTree = "<group>"; };
		1A0807F81C0062F3002F33AE /* Info.plist */ = {isa = PBXFileReference; lastKnownFileType = text.plist.xml; path = Info.plist; sourceTree = "<group>"; };
		1A08081B1C00635C002F33AE /* ArcToCircleLayer.h */ = {isa = PBXFileReference; fileEncoding = 4; lastKnownFileType = sourcecode.c.h; path = ArcToCircleLayer.h; sourceTree = "<group>"; };
		1A08081C1C00635C002F33AE /* ArcToCircleLayer.m */ = {isa = PBXFileReference; fileEncoding = 4; lastKnownFileType = sourcecode.c.objc; path = ArcToCircleLayer.m; sourceTree = "<group>"; };
		1A08081D1C00635C002F33AE /* OneLoadingAnimationView.h */ = {isa = PBXFileReference; fileEncoding = 4; lastKnownFileType = sourcecode.c.h; path = OneLoadingAnimationView.h; sourceTree = "<group>"; };
		1A08081E1C00635C002F33AE /* OneLoadingAnimationView.m */ = {isa = PBXFileReference; fileEncoding = 4; lastKnownFileType = sourcecode.c.objc; path = OneLoadingAnimationView.m; sourceTree = "<group>"; };
/* End PBXFileReference section */

/* Begin PBXFrameworksBuildPhase section */
		1A0807E11C0062F3002F33AE /* Frameworks */ = {
			isa = PBXFrameworksBuildPhase;
			buildActionMask = 2147483647;
			files = (
			);
			runOnlyForDeploymentPostprocessing = 0;
		};
/* End PBXFrameworksBuildPhase section */

/* Begin PBXGroup section */
		1A0807DB1C0062F3002F33AE = {
			isa = PBXGroup;
			children = (
				1A0807E61C0062F3002F33AE /* OneLoadingAnimationStep2 */,
				1A0807E51C0062F3002F33AE /* Products */,
			);
			sourceTree = "<group>";
		};
		1A0807E51C0062F3002F33AE /* Products */ = {
			isa = PBXGroup;
			children = (
				1A0807E41C0062F3002F33AE /* OneLoadingAnimationStep2.app */,
			);
			name = Products;
			sourceTree = "<group>";
		};
		1A0807E61C0062F3002F33AE /* OneLoadingAnimationStep2 */ = {
			isa = PBXGroup;
			children = (
				1A0807EA1C0062F3002F33AE /* AppDelegate.h */,
				1A0807EB1C0062F3002F33AE /* AppDelegate.m */,
				1A0807ED1C0062F3002F33AE /* ViewController.h */,
				1A0807EE1C0062F3002F33AE /* ViewController.m */,
				1A0807F01C0062F3002F33AE /* Main.storyboard */,
				1A08081A1C00635C002F33AE /* OneLoadingAnimation */,
				1A0807F31C0062F3002F33AE /* Assets.xcassets */,
				1A0807F51C0062F3002F33AE /* LaunchScreen.storyboard */,
				1A0807F81C0062F3002F33AE /* Info.plist */,
				1A0807E71C0062F3002F33AE /* Supporting Files */,
			);
			path = OneLoadingAnimationStep2;
			sourceTree = "<group>";
		};
		1A0807E71C0062F3002F33AE /* Supporting Files */ = {
			isa = PBXGroup;
			children = (
				1A0807E81C0062F3002F33AE /* main.m */,
			);
			name = "Supporting Files";
			sourceTree = "<group>";
		};
		1A08081A1C00635C002F33AE /* OneLoadingAnimation */ = {
			isa = PBXGroup;
			children = (
				1A08081D1C00635C002F33AE /* OneLoadingAnimationView.h */,
				1A08081E1C00635C002F33AE /* OneLoadingAnimationView.m */,
				1A08081B1C00635C002F33AE /* ArcToCircleLayer.h */,
				1A08081C1C00635C002F33AE /* ArcToCircleLayer.m */,
			);
			name = OneLoadingAnimation;
			path = Src/OneLoadingAnimation;
			sourceTree = "<group>";
		};
/* End PBXGroup section */

/* Begin PBXNativeTarget section */
		1A0807E31C0062F3002F33AE /* OneLoadingAnimationStep2 */ = {
			isa = PBXNativeTarget;
			buildConfigurationList = 1A0808111C0062F3002F33AE /* Build configuration list for PBXNativeTarget "OneLoadingAnimationStep2" */;
			buildPhases = (
				1A0807E01C0062F3002F33AE /* Sources */,
				1A0807E11C0062F3002F33AE /* Frameworks */,
				1A0807E21C0062F3002F33AE /* Resources */,
			);
			buildRules = (
			);
			dependencies = (
			);
			name = OneLoadingAnimationStep2;
			productName = OneLoadingAnimationStep2;
			productReference = 1A0807E41C0062F3002F33AE /* OneLoadingAnimationStep2.app */;
			productType = "com.apple.product-type.application";
		};
/* End PBXNativeTarget section */

/* Begin PBXProject section */
		1A0807DC1C0062F3002F33AE /* Project object */ = {
			isa = PBXProject;
			attributes = {
				LastUpgradeCheck = 0700;
				ORGANIZATIONNAME = chenms.m2;
				TargetAttributes = {
					1A0807E31C0062F3002F33AE = {
						CreatedOnToolsVersion = 7.0.1;
					};
				};
			};
			buildConfigurationList = 1A0807DF1C0062F3002F33AE /* Build configuration list for PBXProject "OneLoadingAnimationStep2" */;
			compatibilityVersion = "Xcode 3.2";
			developmentRegion = English;
			hasScannedForEncodings = 0;
			knownRegions = (
				en,
				Base,
			);
			mainGroup = 1A0807DB1C0062F3002F33AE;
			productRefGroup = 1A0807E51C0062F3002F33AE /* Products */;
			projectDirPath = "";
			projectRoot = "";
			targets = (
				1A0807E31C0062F3002F33AE /* OneLoadingAnimationStep2 */,
			);
		};
/* End PBXProject section */

/* Begin PBXResourcesBuildPhase section */
		1A0807E21C0062F3002F33AE /* Resources */ = {
			isa = PBXResourcesBuildPhase;
			buildActionMask = 2147483647;
			files = (
				1A0807F71C0062F3002F33AE /* LaunchScreen.storyboard in Resources */,
				1A0807F41C0062F3002F33AE /* Assets.xcassets in Resources */,
				1A0807F21C0062F3002F33AE /* Main.storyboard in Resources */,
			);
			runOnlyForDeploymentPostprocessing = 0;
		};
/* End PBXResourcesBuildPhase section */

/* Begin PBXSourcesBuildPhase section */
		1A0807E01C0062F3002F33AE /* Sources */ = {
			isa = PBXSourcesBuildPhase;
			buildActionMask = 2147483647;
			files = (
				1A0808201C00635C002F33AE /* OneLoadingAnimationView.m in Sources */,
				1A0807EF1C0062F3002F33AE /* ViewController.m in Sources */,
				1A08081F1C00635C002F33AE /* ArcToCircleLayer.m in Sources */,
				1A0807EC1C0062F3002F33AE /* AppDelegate.m in Sources */,
				1A0807E91C0062F3002F33AE /* main.m in Sources */,
			);
			runOnlyForDeploymentPostprocessing = 0;
		};
/* End PBXSourcesBuildPhase section */

/* Begin PBXVariantGroup section */
		1A0807F01C0062F3002F33AE /* Main.storyboard */ = {
			isa = PBXVariantGroup;
			children = (
				1A0807F11C0062F3002F33AE /* Base */,
			);
			name = Main.storyboard;
			sourceTree = "<group>";
		};
		1A0807F51C0062F3002F33AE /* LaunchScreen.storyboard */ = {
			isa = PBXVariantGroup;
			children = (
				1A0807F61C0062F3002F33AE /* Base */,
			);
			name = LaunchScreen.storyboard;
			sourceTree = "<group>";
		};
/* End PBXVariantGroup section */

/* Begin XCBuildConfiguration section */
		1A08080F1C0062F3002F33AE /* Debug */ = {
			isa = XCBuildConfiguration;
			buildSettings = {
				ALWAYS_SEARCH_USER_PATHS = NO;
				CLANG_CXX_LANGUAGE_STANDARD = "gnu++0x";
				CLANG_CXX_LIBRARY = "libc++";
				CLANG_ENABLE_MODULES = YES;
				CLANG_ENABLE_OBJC_ARC = YES;
				CLANG_WARN_BOOL_CONVERSION = YES;
				CLANG_WARN_CONSTANT_CONVERSION = YES;
				CLANG_WARN_DIRECT_OBJC_ISA_USAGE = YES_ERROR;
				CLANG_WARN_EMPTY_BODY = YES;
				CLANG_WARN_ENUM_CONVERSION = YES;
				CLANG_WARN_INT_CONVERSION = YES;
				CLANG_WARN_OBJC_ROOT_CLASS = YES_ERROR;
				CLANG_WARN_UNREACHABLE_CODE = YES;
				CLANG_WARN__DUPLICATE_METHOD_MATCH = YES;
				"CODE_SIGN_IDENTITY[sdk=iphoneos*]" = "iPhone Developer";
				COPY_PHASE_STRIP = NO;
				DEBUG_INFORMATION_FORMAT = dwarf;
				ENABLE_STRICT_OBJC_MSGSEND = YES;
				ENABLE_TESTABILITY = YES;
				GCC_C_LANGUAGE_STANDARD = gnu99;
				GCC_DYNAMIC_NO_PIC = NO;
				GCC_NO_COMMON_BLOCKS = YES;
				GCC_OPTIMIZATION_LEVEL = 0;
				GCC_PREPROCESSOR_DEFINITIONS = (
					"DEBUG=1",
					"$(inherited)",
				);
				GCC_WARN_64_TO_32_BIT_CONVERSION = YES;
				GCC_WARN_ABOUT_RETURN_TYPE = YES_ERROR;
				GCC_WARN_UNDECLARED_SELECTOR = YES;
				GCC_WARN_UNINITIALIZED_AUTOS = YES_AGGRESSIVE;
				GCC_WARN_UNUSED_FUNCTION = YES;
				GCC_WARN_UNUSED_VARIABLE = YES;
				IPHONEOS_DEPLOYMENT_TARGET = 9.0;
				MTL_ENABLE_DEBUG_INFO = YES;
				ONLY_ACTIVE_ARCH = YES;
				SDKROOT = iphoneos;
				TARGETED_DEVICE_FAMILY = "1,2";
			};
			name = Debug;
		};
		1A0808101C0062F3002F33AE /* Release */ = {
			isa = XCBuildConfiguration;
			buildSettings = {
				ALWAYS_SEARCH_USER_PATHS = NO;
				CLANG_CXX_LANGUAGE_STANDARD = "gnu++0x";
				CLANG_CXX_LIBRARY = "libc++";
				CLANG_ENABLE_MODULES = YES;
				CLANG_ENABLE_OBJC_ARC = YES;
				CLANG_WARN_BOOL_CONVERSION = YES;
				CLANG_WARN_CONSTANT_CONVERSION = YES;
				CLANG_WARN_DIRECT_OBJC_ISA_USAGE = YES_ERROR;
				CLANG_WARN_EMPTY_BODY = YES;
				CLANG_WARN_ENUM_CONVERSION = YES;
				CLANG_WARN_INT_CONVERSION = YES;
				CLANG_WARN_OBJC_ROOT_CLASS = YES_ERROR;
				CLANG_WARN_UNREACHABLE_CODE = YES;
				CLANG_WARN__DUPLICATE_METHOD_MATCH = YES;
				"CODE_SIGN_IDENTITY[sdk=iphoneos*]" = "iPhone Developer";
				COPY_PHASE_STRIP = NO;
				DEBUG_INFORMATION_FORMAT = "dwarf-with-dsym";
				ENABLE_NS_ASSERTIONS = NO;
				ENABLE_STRICT_OBJC_MSGSEND = YES;
				GCC_C_LANGUAGE_STANDARD = gnu99;
				GCC_NO_COMMON_BLOCKS = YES;
				GCC_WARN_64_TO_32_BIT_CONVERSION = YES;
				GCC_WARN_ABOUT_RETURN_TYPE = YES_ERROR;
				GCC_WARN_UNDECLARED_SELECTOR = YES;
				GCC_WARN_UNINITIALIZED_AUTOS = YES_AGGRESSIVE;
				GCC_WARN_UNUSED_FUNCTION = YES;
				GCC_WARN_UNUSED_VARIABLE = YES;
				IPHONEOS_DEPLOYMENT_TARGET = 9.0;
				MTL_ENABLE_DEBUG_INFO = NO;
				SDKROOT = iphoneos;
				TARGETED_DEVICE_FAMILY = "1,2";
				VALIDATE_PRODUCT = YES;
			};
			name = Release;
		};
		1A0808121C0062F3002F33AE /* Debug */ = {
			isa = XCBuildConfiguration;
			buildSettings = {
				ASSETCATALOG_COMPILER_APPICON_NAME = AppIcon;
				INFOPLIST_FILE = OneLoadingAnimationStep2/Info.plist;
				LD_RUNPATH_SEARCH_PATHS = "$(inherited) @executable_path/Frameworks";
				PRODUCT_BUNDLE_IDENTIFIER = chenms.m2.OneLoadingAnimationStep2;
				PRODUCT_NAME = "$(TARGET_NAME)";
			};
			name = Debug;
		};
		1A0808131C0062F3002F33AE /* Release */ = {
			isa = XCBuildConfiguration;
			buildSettings = {
				ASSETCATALOG_COMPILER_APPICON_NAME = AppIcon;
				INFOPLIST_FILE = OneLoadingAnimationStep2/Info.plist;
				LD_RUNPATH_SEARCH_PATHS = "$(inherited) @executable_path/Frameworks";
				PRODUCT_BUNDLE_IDENTIFIER = chenms.m2.OneLoadingAnimationStep2;
				PRODUCT_NAME = "$(TARGET_NAME)";
			};
			name = Release;
		};
/* End XCBuildConfiguration section */

/* Begin XCConfigurationList section */
		1A0807DF1C0062F3002F33AE /* Build configuration list for PBXProject "OneLoadingAnimationStep2" */ = {
			isa = XCConfigurationList;
			buildConfigurations = (
				1A08080F1C0062F3002F33AE /* Debug */,
				1A0808101C0062F3002F33AE /* Release */,
			);
			defaultConfigurationIsVisible = 0;
			defaultConfigurationName = Release;
		};
		1A0808111C0062F3002F33AE /* Build configuration list for PBXNativeTarget "OneLoadingAnimationStep2" */ = {
			isa = XCConfigurationList;
			buildConfigurations = (
				1A0808121C0062F3002F33AE /* Debug */,
				1A0808131C0062F3002F33AE /* Release */,
			);
			defaultConfigurationIsVisible = 0;
		};
/* End XCConfigurationList section */
	};
	rootObject = 1A0807DC1C0062F3002F33AE /* Project object */;
}
