// !$*UTF8*$!
{
	archiveVersion = 1;
	classes = {
	};
	objectVersion = 46;
	objects = {

/* Begin PBXBuildFile section */
		1AA9D4811C37CD2500662734 /* AppDelegate.swift in Sources */ = {isa = PBXBuildFile; fileRef = 1AA9D4801C37CD2500662734 /* AppDelegate.swift */; };
		1AA9D4831C37CD2500662734 /* ViewController.swift in Sources */ = {isa = PBXBuildFile; fileRef = 1AA9D4821C37CD2500662734 /* ViewController.swift */; };
		1AA9D4861C37CD2500662734 /* Main.storyboard in Resources */ = {isa = PBXBuildFile; fileRef = 1AA9D4841C37CD2500662734 /* Main.storyboard */; };
		1AA9D4881C37CD2500662734 /* Assets.xcassets in Resources */ = {isa = PBXBuildFile; fileRef = 1AA9D4871C37CD2500662734 /* Assets.xcassets */; };
		1AA9D48B1C37CD2500662734 /* LaunchScreen.storyboard in Resources */ = {isa = PBXBuildFile; fileRef = 1AA9D4891C37CD2500662734 /* LaunchScreen.storyboard */; };
		1AA9D4941C37CDF000662734 /* CircleIrregularTransformLayer.swift in Sources */ = {isa = PBXBuildFile; fileRef = 1AA9D4931C37CDF000662734 /* CircleIrregularTransformLayer.swift */; };
/* End PBXBuildFile section */

/* Begin PBXFileReference section */
		1AA9D47D1C37CD2500662734 /* CircleIrregularTransformSwift.app */ = {isa = PBXFileReference; explicitFileType = wrapper.application; includeInIndex = 0; path = CircleIrregularTransformSwift.app; sourceTree = BUILT_PRODUCTS_DIR; };
		1AA9D4801C37CD2500662734 /* AppDelegate.swift */ = {isa = PBXFileReference; lastKnownFileType = sourcecode.swift; path = AppDelegate.swift; sourceTree = "<group>"; };
		1AA9D4821C37CD2500662734 /* ViewController.swift */ = {isa = PBXFileReference; lastKnownFileType = sourcecode.swift; path = ViewController.swift; sourceTree = "<group>"; };
		1AA9D4851C37CD2500662734 /* Base */ = {isa = PBXFileReference; lastKnownFileType = file.storyboard; name = Base; path = Base.lproj/Main.storyboard; sourceTree = "<group>"; };
		1AA9D4871C37CD2500662734 /* Assets.xcassets */ = {isa = PBXFileReference; lastKnownFileType = folder.assetcatalog; path = Assets.xcassets; sourceTree = "<group>"; };
		1AA9D48A1C37CD2500662734 /* Base */ = {isa = PBXFileReference; lastKnownFileType = file.storyboard; name = Base; path = Base.lproj/LaunchScreen.storyboard; sourceTree = "<group>"; };
		1AA9D48C1C37CD2500662734 /* Info.plist */ = {isa = PBXFileReference; lastKnownFileType = text.plist.xml; path = Info.plist; sourceTree = "<group>"; };
		1AA9D4931C37CDF000662734 /* CircleIrregularTransformLayer.swift */ = {isa = PBXFileReference; fileEncoding = 4; lastKnownFileType = sourcecode.swift; path = CircleIrregularTransformLayer.swift; sourceTree = "<group>"; };
/* End PBXFileReference section */

/* Begin PBXFrameworksBuildPhase section */
		1AA9D47A1C37CD2500662734 /* Frameworks */ = {
			isa = PBXFrameworksBuildPhase;
			buildActionMask = 2147483647;
			files = (
			);
			runOnlyForDeploymentPostprocessing = 0;
		};
/* End PBXFrameworksBuildPhase section */

/* Begin PBXGroup section */
		1AA9D4741C37CD2500662734 = {
			isa = PBXGroup;
			children = (
				1AA9D47F1C37CD2500662734 /* CircleIrregularTransformSwift */,
				1AA9D47E1C37CD2500662734 /* Products */,
			);
			sourceTree = "<group>";
		};
		1AA9D47E1C37CD2500662734 /* Products */ = {
			isa = PBXGroup;
			children = (
				1AA9D47D1C37CD2500662734 /* CircleIrregularTransformSwift.app */,
			);
			name = Products;
			sourceTree = "<group>";
		};
		1AA9D47F1C37CD2500662734 /* CircleIrregularTransformSwift */ = {
			isa = PBXGroup;
			children = (
				1AA9D4801C37CD2500662734 /* AppDelegate.swift */,
				1AA9D4841C37CD2500662734 /* Main.storyboard */,
				1AA9D4821C37CD2500662734 /* ViewController.swift */,
				1AA9D4921C37CDDC00662734 /* CircleIrregularTransform */,
				1AA9D4871C37CD2500662734 /* Assets.xcassets */,
				1AA9D4891C37CD2500662734 /* LaunchScreen.storyboard */,
				1AA9D48C1C37CD2500662734 /* Info.plist */,
			);
			path = CircleIrregularTransformSwift;
			sourceTree = "<group>";
		};
		1AA9D4921C37CDDC00662734 /* CircleIrregularTransform */ = {
			isa = PBXGroup;
			children = (
				1AA9D4931C37CDF000662734 /* CircleIrregularTransformLayer.swift */,
			);
			name = CircleIrregularTransform;
			path = Source/CircleIrregularTransform;
			sourceTree = "<group>";
		};
/* End PBXGroup section */

/* Begin PBXNativeTarget section */
		1AA9D47C1C37CD2500662734 /* CircleIrregularTransformSwift */ = {
			isa = PBXNativeTarget;
			buildConfigurationList = 1AA9D48F1C37CD2500662734 /* Build configuration list for PBXNativeTarget "CircleIrregularTransformSwift" */;
			buildPhases = (
				1AA9D4791C37CD2500662734 /* Sources */,
				1AA9D47A1C37CD2500662734 /* Frameworks */,
				1AA9D47B1C37CD2500662734 /* Resources */,
			);
			buildRules = (
			);
			dependencies = (
			);
			name = CircleIrregularTransformSwift;
			productName = CircleIrregularTransformSwift;
			productReference = 1AA9D47D1C37CD2500662734 /* CircleIrregularTransformSwift.app */;
			productType = "com.apple.product-type.application";
		};
/* End PBXNativeTarget section */

/* Begin PBXProject section */
		1AA9D4751C37CD2500662734 /* Project object */ = {
			isa = PBXProject;
			attributes = {
				LastSwiftUpdateCheck = 0710;
				LastUpgradeCheck = 0710;
				ORGANIZATIONNAME = chenms.m2;
				TargetAttributes = {
					1AA9D47C1C37CD2500662734 = {
						CreatedOnToolsVersion = 7.1.1;
					};
				};
			};
			buildConfigurationList = 1AA9D4781C37CD2500662734 /* Build configuration list for PBXProject "CircleIrregularTransformSwift" */;
			compatibilityVersion = "Xcode 3.2";
			developmentRegion = English;
			hasScannedForEncodings = 0;
			knownRegions = (
				en,
				Base,
			);
			mainGroup = 1AA9D4741C37CD2500662734;
			productRefGroup = 1AA9D47E1C37CD2500662734 /* Products */;
			projectDirPath = "";
			projectRoot = "";
			targets = (
				1AA9D47C1C37CD2500662734 /* CircleIrregularTransformSwift */,
			);
		};
/* End PBXProject section */

/* Begin PBXResourcesBuildPhase section */
		1AA9D47B1C37CD2500662734 /* Resources */ = {
			isa = PBXResourcesBuildPhase;
			buildActionMask = 2147483647;
			files = (
				1AA9D48B1C37CD2500662734 /* LaunchScreen.storyboard in Resources */,
				1AA9D4881C37CD2500662734 /* Assets.xcassets in Resources */,
				1AA9D4861C37CD2500662734 /* Main.storyboard in Resources */,
			);
			runOnlyForDeploymentPostprocessing = 0;
		};
/* End PBXResourcesBuildPhase section */

/* Begin PBXSourcesBuildPhase section */
		1AA9D4791C37CD2500662734 /* Sources */ = {
			isa = PBXSourcesBuildPhase;
			buildActionMask = 2147483647;
			files = (
				1AA9D4831C37CD2500662734 /* ViewController.swift in Sources */,
				1AA9D4941C37CDF000662734 /* CircleIrregularTransformLayer.swift in Sources */,
				1AA9D4811C37CD2500662734 /* AppDelegate.swift in Sources */,
			);
			runOnlyForDeploymentPostprocessing = 0;
		};
/* End PBXSourcesBuildPhase section */

/* Begin PBXVariantGroup section */
		1AA9D4841C37CD2500662734 /* Main.storyboard */ = {
			isa = PBXVariantGroup;
			children = (
				1AA9D4851C37CD2500662734 /* Base */,
			);
			name = Main.storyboard;
			sourceTree = "<group>";
		};
		1AA9D4891C37CD2500662734 /* LaunchScreen.storyboard */ = {
			isa = PBXVariantGroup;
			children = (
				1AA9D48A1C37CD2500662734 /* Base */,
			);
			name = LaunchScreen.storyboard;
			sourceTree = "<group>";
		};
/* End PBXVariantGroup section */

/* Begin XCBuildConfiguration section */
		1AA9D48D1C37CD2500662734 /* Debug */ = {
			isa = XCBuildConfiguration;
			buildSettings = {
				ALWAYS_SEARCH_USER_PATHS = NO;
				CLANG_CXX_LANGUAGE_STANDARD = "gnu++0x";
				CLANG_CXX_LIBRARY = "libc++";
				CLANG_ENABLE_MODULES = YES;
				CLANG_ENABLE_OBJC_ARC = YES;
				CLANG_WARN_BOOL_CONVERSION = YES;
				CLANG_WARN_CONSTANT_CONVERSION = YES;
				CLANG_WARN_DIRECT_OBJC_ISA_USAGE = YES_ERROR;
				CLANG_WARN_EMPTY_BODY = YES;
				CLANG_WARN_ENUM_CONVERSION = YES;
				CLANG_WARN_INT_CONVERSION = YES;
				CLANG_WARN_OBJC_ROOT_CLASS = YES_ERROR;
				CLANG_WARN_UNREACHABLE_CODE = YES;
				CLANG_WARN__DUPLICATE_METHOD_MATCH = YES;
				"CODE_SIGN_IDENTITY[sdk=iphoneos*]" = "iPhone Developer";
				COPY_PHASE_STRIP = NO;
				DEBUG_INFORMATION_FORMAT = dwarf;
				ENABLE_STRICT_OBJC_MSGSEND = YES;
				ENABLE_TESTABILITY = YES;
				GCC_C_LANGUAGE_STANDARD = gnu99;
				GCC_DYNAMIC_NO_PIC = NO;
				GCC_NO_COMMON_BLOCKS = YES;
				GCC_OPTIMIZATION_LEVEL = 0;
				GCC_PREPROCESSOR_DEFINITIONS = (
					"DEBUG=1",
					"$(inherited)",
				);
				GCC_WARN_64_TO_32_BIT_CONVERSION = YES;
				GCC_WARN_ABOUT_RETURN_TYPE = YES_ERROR;
				GCC_WARN_UNDECLARED_SELECTOR = YES;
				GCC_WARN_UNINITIALIZED_AUTOS = YES_AGGRESSIVE;
				GCC_WARN_UNUSED_FUNCTION = YES;
				GCC_WARN_UNUSED_VARIABLE = YES;
				IPHONEOS_DEPLOYMENT_TARGET = 9.1;
				MTL_ENABLE_DEBUG_INFO = YES;
				ONLY_ACTIVE_ARCH = YES;
				SDKROOT = iphoneos;
				SWIFT_OPTIMIZATION_LEVEL = "-Onone";
				TARGETED_DEVICE_FAMILY = "1,2";
			};
			name = Debug;
		};
		1AA9D48E1C37CD2500662734 /* Release */ = {
			isa = XCBuildConfiguration;
			buildSettings = {
				ALWAYS_SEARCH_USER_PATHS = NO;
				CLANG_CXX_LANGUAGE_STANDARD = "gnu++0x";
				CLANG_CXX_LIBRARY = "libc++";
				CLANG_ENABLE_MODULES = YES;
				CLANG_ENABLE_OBJC_ARC = YES;
				CLANG_WARN_BOOL_CONVERSION = YES;
				CLANG_WARN_CONSTANT_CONVERSION = YES;
				CLANG_WARN_DIRECT_OBJC_ISA_USAGE = YES_ERROR;
				CLANG_WARN_EMPTY_BODY = YES;
				CLANG_WARN_ENUM_CONVERSION = YES;
				CLANG_WARN_INT_CONVERSION = YES;
				CLANG_WARN_OBJC_ROOT_CLASS = YES_ERROR;
				CLANG_WARN_UNREACHABLE_CODE = YES;
				CLANG_WARN__DUPLICATE_METHOD_MATCH = YES;
				"CODE_SIGN_IDENTITY[sdk=iphoneos*]" = "iPhone Developer";
				COPY_PHASE_STRIP = NO;
				DEBUG_INFORMATION_FORMAT = "dwarf-with-dsym";
				ENABLE_NS_ASSERTIONS = NO;
				ENABLE_STRICT_OBJC_MSGSEND = YES;
				GCC_C_LANGUAGE_STANDARD = gnu99;
				GCC_NO_COMMON_BLOCKS = YES;
				GCC_WARN_64_TO_32_BIT_CONVERSION = YES;
				GCC_WARN_ABOUT_RETURN_TYPE = YES_ERROR;
				GCC_WARN_UNDECLARED_SELECTOR = YES;
				GCC_WARN_UNINITIALIZED_AUTOS = YES_AGGRESSIVE;
				GCC_WARN_UNUSED_FUNCTION = YES;
				GCC_WARN_UNUSED_VARIABLE = YES;
				IPHONEOS_DEPLOYMENT_TARGET = 9.1;
				MTL_ENABLE_DEBUG_INFO = NO;
				SDKROOT = iphoneos;
				TARGETED_DEVICE_FAMILY = "1,2";
				VALIDATE_PRODUCT = YES;
			};
			name = Release;
		};
		1AA9D4901C37CD2500662734 /* Debug */ = {
			isa = XCBuildConfiguration;
			buildSettings = {
				ASSETCATALOG_COMPILER_APPICON_NAME = AppIcon;
				INFOPLIST_FILE = CircleIrregularTransformSwift/Info.plist;
				LD_RUNPATH_SEARCH_PATHS = "$(inherited) @executable_path/Frameworks";
				PRODUCT_BUNDLE_IDENTIFIER = chenms.m2.CircleIrregularTransformSwift;
				PRODUCT_NAME = "$(TARGET_NAME)";
			};
			name = Debug;
		};
		1AA9D4911C37CD2500662734 /* Release */ = {
			isa = XCBuildConfiguration;
			buildSettings = {
				ASSETCATALOG_COMPILER_APPICON_NAME = AppIcon;
				INFOPLIST_FILE = CircleIrregularTransformSwift/Info.plist;
				LD_RUNPATH_SEARCH_PATHS = "$(inherited) @executable_path/Frameworks";
				PRODUCT_BUNDLE_IDENTIFIER = chenms.m2.CircleIrregularTransformSwift;
				PRODUCT_NAME = "$(TARGET_NAME)";
			};
			name = Release;
		};
/* End XCBuildConfiguration section */

/* Begin XCConfigurationList section */
		1AA9D4781C37CD2500662734 /* Build configuration list for PBXProject "CircleIrregularTransformSwift" */ = {
			isa = XCConfigurationList;
			buildConfigurations = (
				1AA9D48D1C37CD2500662734 /* Debug */,
				1AA9D48E1C37CD2500662734 /* Release */,
			);
			defaultConfigurationIsVisible = 0;
			defaultConfigurationName = Release;
		};
		1AA9D48F1C37CD2500662734 /* Build configuration list for PBXNativeTarget "CircleIrregularTransformSwift" */ = {
			isa = XCConfigurationList;
			buildConfigurations = (
				1AA9D4901C37CD2500662734 /* Debug */,
				1AA9D4911C37CD2500662734 /* Release */,
			);
			defaultConfigurationIsVisible = 0;
		};
/* End XCConfigurationList section */
	};
	rootObject = 1AA9D4751C37CD2500662734 /* Project object */;
}
