// !$*UTF8*$!
{
	archiveVersion = 1;
	classes = {
	};
	objectVersion = 46;
	objects = {

/* Begin PBXBuildFile section */
		1AD0D37D1C0B2C28006BD393 /* main.m in Sources */ = {isa = PBXBuildFile; fileRef = 1AD0D37C1C0B2C28006BD393 /* main.m */; };
		1AD0D3801C0B2C28006BD393 /* AppDelegate.m in Sources */ = {isa = PBXBuildFile; fileRef = 1AD0D37F1C0B2C28006BD393 /* AppDelegate.m */; };
		1AD0D3831C0B2C28006BD393 /* ViewController.m in Sources */ = {isa = PBXBuildFile; fileRef = 1AD0D3821C0B2C28006BD393 /* ViewController.m */; };
		1AD0D3861C0B2C28006BD393 /* Main.storyboard in Resources */ = {isa = PBXBuildFile; fileRef = 1AD0D3841C0B2C28006BD393 /* Main.storyboard */; };
		1AD0D3881C0B2C28006BD393 /* Assets.xcassets in Resources */ = {isa = PBXBuildFile; fileRef = 1AD0D3871C0B2C28006BD393 /* Assets.xcassets */; };
		1AD0D38B1C0B2C28006BD393 /* LaunchScreen.storyboard in Resources */ = {isa = PBXBuildFile; fileRef = 1AD0D3891C0B2C28006BD393 /* LaunchScreen.storyboard */; };
		1AD0D3971C0B2C97006BD393 /* ArcToCircleLayer.m in Sources */ = {isa = PBXBuildFile; fileRef = 1AD0D3941C0B2C97006BD393 /* ArcToCircleLayer.m */; settings = {ASSET_TAGS = (); }; };
		1AD0D3981C0B2C97006BD393 /* OneLoadingAnimationView.m in Sources */ = {isa = PBXBuildFile; fileRef = 1AD0D3961C0B2C97006BD393 /* OneLoadingAnimationView.m */; settings = {ASSET_TAGS = (); }; };
/* End PBXBuildFile section */

/* Begin PBXFileReference section */
		1AD0D3781C0B2C28006BD393 /* OneLoadingAnimationStep4.app */ = {isa = PBXFileReference; explicitFileType = wrapper.application; includeInIndex = 0; path = OneLoadingAnimationStep4.app; sourceTree = BUILT_PRODUCTS_DIR; };
		1AD0D37C1C0B2C28006BD393 /* main.m */ = {isa = PBXFileReference; lastKnownFileType = sourcecode.c.objc; path = main.m; sourceTree = "<group>"; };
		1AD0D37E1C0B2C28006BD393 /* AppDelegate.h */ = {isa = PBXFileReference; lastKnownFileType = sourcecode.c.h; path = AppDelegate.h; sourceTree = "<group>"; };
		1AD0D37F1C0B2C28006BD393 /* AppDelegate.m */ = {isa = PBXFileReference; lastKnownFileType = sourcecode.c.objc; path = AppDelegate.m; sourceTree = "<group>"; };
		1AD0D3811C0B2C28006BD393 /* ViewController.h */ = {isa = PBXFileReference; lastKnownFileType = sourcecode.c.h; path = ViewController.h; sourceTree = "<group>"; };
		1AD0D3821C0B2C28006BD393 /* ViewController.m */ = {isa = PBXFileReference; lastKnownFileType = sourcecode.c.objc; path = ViewController.m; sourceTree = "<group>"; };
		1AD0D3851C0B2C28006BD393 /* Base */ = {isa = PBXFileReference; lastKnownFileType = file.storyboard; name = Base; path = Base.lproj/Main.storyboard; sourceTree = "<group>"; };
		1AD0D3871C0B2C28006BD393 /* Assets.xcassets */ = {isa = PBXFileReference; lastKnownFileType = folder.assetcatalog; path = Assets.xcassets; sourceTree = "<group>"; };
		1AD0D38A1C0B2C28006BD393 /* Base */ = {isa = PBXFileReference; lastKnownFileType = file.storyboard; name = Base; path = Base.lproj/LaunchScreen.storyboard; sourceTree = "<group>"; };
		1AD0D38C1C0B2C28006BD393 /* Info.plist */ = {isa = PBXFileReference; lastKnownFileType = text.plist.xml; path = Info.plist; sourceTree = "<group>"; };
		1AD0D3931C0B2C97006BD393 /* ArcToCircleLayer.h */ = {isa = PBXFileReference; fileEncoding = 4; lastKnownFileType = sourcecode.c.h; path = ArcToCircleLayer.h; sourceTree = "<group>"; };
		1AD0D3941C0B2C97006BD393 /* ArcToCircleLayer.m */ = {isa = PBXFileReference; fileEncoding = 4; lastKnownFileType = sourcecode.c.objc; path = ArcToCircleLayer.m; sourceTree = "<group>"; };
		1AD0D3951C0B2C97006BD393 /* OneLoadingAnimationView.h */ = {isa = PBXFileReference; fileEncoding = 4; lastKnownFileType = sourcecode.c.h; path = OneLoadingAnimationView.h; sourceTree = "<group>"; };
		1AD0D3961C0B2C97006BD393 /* OneLoadingAnimationView.m */ = {isa = PBXFileReference; fileEncoding = 4; lastKnownFileType = sourcecode.c.objc; path = OneLoadingAnimationView.m; sourceTree = "<group>"; };
/* End PBXFileReference section */

/* Begin PBXFrameworksBuildPhase section */
		1AD0D3751C0B2C28006BD393 /* Frameworks */ = {
			isa = PBXFrameworksBuildPhase;
			buildActionMask = 2147483647;
			files = (
			);
			runOnlyForDeploymentPostprocessing = 0;
		};
/* End PBXFrameworksBuildPhase section */

/* Begin PBXGroup section */
		1AD0D36F1C0B2C28006BD393 = {
			isa = PBXGroup;
			children = (
				1AD0D37A1C0B2C28006BD393 /* OneLoadingAnimationStep4 */,
				1AD0D3791C0B2C28006BD393 /* Products */,
			);
			sourceTree = "<group>";
		};
		1AD0D3791C0B2C28006BD393 /* Products */ = {
			isa = PBXGroup;
			children = (
				1AD0D3781C0B2C28006BD393 /* OneLoadingAnimationStep4.app */,
			);
			name = Products;
			sourceTree = "<group>";
		};
		1AD0D37A1C0B2C28006BD393 /* OneLoadingAnimationStep4 */ = {
			isa = PBXGroup;
			children = (
				1AD0D37E1C0B2C28006BD393 /* AppDelegate.h */,
				1AD0D37F1C0B2C28006BD393 /* AppDelegate.m */,
				1AD0D3811C0B2C28006BD393 /* ViewController.h */,
				1AD0D3821C0B2C28006BD393 /* ViewController.m */,
				1AD0D3841C0B2C28006BD393 /* Main.storyboard */,
				1AD0D3921C0B2C97006BD393 /* OneLoadingAnimation */,
				1AD0D3871C0B2C28006BD393 /* Assets.xcassets */,
				1AD0D3891C0B2C28006BD393 /* LaunchScreen.storyboard */,
				1AD0D38C1C0B2C28006BD393 /* Info.plist */,
				1AD0D37B1C0B2C28006BD393 /* Supporting Files */,
			);
			path = OneLoadingAnimationStep4;
			sourceTree = "<group>";
		};
		1AD0D37B1C0B2C28006BD393 /* Supporting Files */ = {
			isa = PBXGroup;
			children = (
				1AD0D37C1C0B2C28006BD393 /* main.m */,
			);
			name = "Supporting Files";
			sourceTree = "<group>";
		};
		1AD0D3921C0B2C97006BD393 /* OneLoadingAnimation */ = {
			isa = PBXGroup;
			children = (
				1AD0D3951C0B2C97006BD393 /* OneLoadingAnimationView.h */,
				1AD0D3961C0B2C97006BD393 /* OneLoadingAnimationView.m */,
				1AD0D3931C0B2C97006BD393 /* ArcToCircleLayer.h */,
				1AD0D3941C0B2C97006BD393 /* ArcToCircleLayer.m */,
			);
			name = OneLoadingAnimation;
			path = Src/OneLoadingAnimation;
			sourceTree = "<group>";
		};
/* End PBXGroup section */

/* Begin PBXNativeTarget section */
		1AD0D3771C0B2C28006BD393 /* OneLoadingAnimationStep4 */ = {
			isa = PBXNativeTarget;
			buildConfigurationList = 1AD0D38F1C0B2C28006BD393 /* Build configuration list for PBXNativeTarget "OneLoadingAnimationStep4" */;
			buildPhases = (
				1AD0D3741C0B2C28006BD393 /* Sources */,
				1AD0D3751C0B2C28006BD393 /* Frameworks */,
				1AD0D3761C0B2C28006BD393 /* Resources */,
			);
			buildRules = (
			);
			dependencies = (
			);
			name = OneLoadingAnimationStep4;
			productName = OneLoadingAnimationStep4;
			productReference = 1AD0D3781C0B2C28006BD393 /* OneLoadingAnimationStep4.app */;
			productType = "com.apple.product-type.application";
		};
/* End PBXNativeTarget section */

/* Begin PBXProject section */
		1AD0D3701C0B2C28006BD393 /* Project object */ = {
			isa = PBXProject;
			attributes = {
				LastUpgradeCheck = 0700;
				ORGANIZATIONNAME = chenms.m2;
				TargetAttributes = {
					1AD0D3771C0B2C28006BD393 = {
						CreatedOnToolsVersion = 7.0.1;
					};
				};
			};
			buildConfigurationList = 1AD0D3731C0B2C28006BD393 /* Build configuration list for PBXProject "OneLoadingAnimationStep4" */;
			compatibilityVersion = "Xcode 3.2";
			developmentRegion = English;
			hasScannedForEncodings = 0;
			knownRegions = (
				en,
				Base,
			);
			mainGroup = 1AD0D36F1C0B2C28006BD393;
			productRefGroup = 1AD0D3791C0B2C28006BD393 /* Products */;
			projectDirPath = "";
			projectRoot = "";
			targets = (
				1AD0D3771C0B2C28006BD393 /* OneLoadingAnimationStep4 */,
			);
		};
/* End PBXProject section */

/* Begin PBXResourcesBuildPhase section */
		1AD0D3761C0B2C28006BD393 /* Resources */ = {
			isa = PBXResourcesBuildPhase;
			buildActionMask = 2147483647;
			files = (
				1AD0D38B1C0B2C28006BD393 /* LaunchScreen.storyboard in Resources */,
				1AD0D3881C0B2C28006BD393 /* Assets.xcassets in Resources */,
				1AD0D3861C0B2C28006BD393 /* Main.storyboard in Resources */,
			);
			runOnlyForDeploymentPostprocessing = 0;
		};
/* End PBXResourcesBuildPhase section */

/* Begin PBXSourcesBuildPhase section */
		1AD0D3741C0B2C28006BD393 /* Sources */ = {
			isa = PBXSourcesBuildPhase;
			buildActionMask = 2147483647;
			files = (
				1AD0D3981C0B2C97006BD393 /* OneLoadingAnimationView.m in Sources */,
				1AD0D3831C0B2C28006BD393 /* ViewController.m in Sources */,
				1AD0D3971C0B2C97006BD393 /* ArcToCircleLayer.m in Sources */,
				1AD0D3801C0B2C28006BD393 /* AppDelegate.m in Sources */,
				1AD0D37D1C0B2C28006BD393 /* main.m in Sources */,
			);
			runOnlyForDeploymentPostprocessing = 0;
		};
/* End PBXSourcesBuildPhase section */

/* Begin PBXVariantGroup section */
		1AD0D3841C0B2C28006BD393 /* Main.storyboard */ = {
			isa = PBXVariantGroup;
			children = (
				1AD0D3851C0B2C28006BD393 /* Base */,
			);
			name = Main.storyboard;
			sourceTree = "<group>";
		};
		1AD0D3891C0B2C28006BD393 /* LaunchScreen.storyboard */ = {
			isa = PBXVariantGroup;
			children = (
				1AD0D38A1C0B2C28006BD393 /* Base */,
			);
			name = LaunchScreen.storyboard;
			sourceTree = "<group>";
		};
/* End PBXVariantGroup section */

/* Begin XCBuildConfiguration section */
		1AD0D38D1C0B2C28006BD393 /* Debug */ = {
			isa = XCBuildConfiguration;
			buildSettings = {
				ALWAYS_SEARCH_USER_PATHS = NO;
				CLANG_CXX_LANGUAGE_STANDARD = "gnu++0x";
				CLANG_CXX_LIBRARY = "libc++";
				CLANG_ENABLE_MODULES = YES;
				CLANG_ENABLE_OBJC_ARC = YES;
				CLANG_WARN_BOOL_CONVERSION = YES;
				CLANG_WARN_CONSTANT_CONVERSION = YES;
				CLANG_WARN_DIRECT_OBJC_ISA_USAGE = YES_ERROR;
				CLANG_WARN_EMPTY_BODY = YES;
				CLANG_WARN_ENUM_CONVERSION = YES;
				CLANG_WARN_INT_CONVERSION = YES;
				CLANG_WARN_OBJC_ROOT_CLASS = YES_ERROR;
				CLANG_WARN_UNREACHABLE_CODE = YES;
				CLANG_WARN__DUPLICATE_METHOD_MATCH = YES;
				"CODE_SIGN_IDENTITY[sdk=iphoneos*]" = "iPhone Developer";
				COPY_PHASE_STRIP = NO;
				DEBUG_INFORMATION_FORMAT = dwarf;
				ENABLE_STRICT_OBJC_MSGSEND = YES;
				ENABLE_TESTABILITY = YES;
				GCC_C_LANGUAGE_STANDARD = gnu99;
				GCC_DYNAMIC_NO_PIC = NO;
				GCC_NO_COMMON_BLOCKS = YES;
				GCC_OPTIMIZATION_LEVEL = 0;
				GCC_PREPROCESSOR_DEFINITIONS = (
					"DEBUG=1",
					"$(inherited)",
				);
				GCC_WARN_64_TO_32_BIT_CONVERSION = YES;
				GCC_WARN_ABOUT_RETURN_TYPE = YES_ERROR;
				GCC_WARN_UNDECLARED_SELECTOR = YES;
				GCC_WARN_UNINITIALIZED_AUTOS = YES_AGGRESSIVE;
				GCC_WARN_UNUSED_FUNCTION = YES;
				GCC_WARN_UNUSED_VARIABLE = YES;
				IPHONEOS_DEPLOYMENT_TARGET = 9.0;
				MTL_ENABLE_DEBUG_INFO = YES;
				ONLY_ACTIVE_ARCH = YES;
				SDKROOT = iphoneos;
				TARGETED_DEVICE_FAMILY = "1,2";
			};
			name = Debug;
		};
		1AD0D38E1C0B2C28006BD393 /* Release */ = {
			isa = XCBuildConfiguration;
			buildSettings = {
				ALWAYS_SEARCH_USER_PATHS = NO;
				CLANG_CXX_LANGUAGE_STANDARD = "gnu++0x";
				CLANG_CXX_LIBRARY = "libc++";
				CLANG_ENABLE_MODULES = YES;
				CLANG_ENABLE_OBJC_ARC = YES;
				CLANG_WARN_BOOL_CONVERSION = YES;
				CLANG_WARN_CONSTANT_CONVERSION = YES;
				CLANG_WARN_DIRECT_OBJC_ISA_USAGE = YES_ERROR;
				CLANG_WARN_EMPTY_BODY = YES;
				CLANG_WARN_ENUM_CONVERSION = YES;
				CLANG_WARN_INT_CONVERSION = YES;
				CLANG_WARN_OBJC_ROOT_CLASS = YES_ERROR;
				CLANG_WARN_UNREACHABLE_CODE = YES;
				CLANG_WARN__DUPLICATE_METHOD_MATCH = YES;
				"CODE_SIGN_IDENTITY[sdk=iphoneos*]" = "iPhone Developer";
				COPY_PHASE_STRIP = NO;
				DEBUG_INFORMATION_FORMAT = "dwarf-with-dsym";
				ENABLE_NS_ASSERTIONS = NO;
				ENABLE_STRICT_OBJC_MSGSEND = YES;
				GCC_C_LANGUAGE_STANDARD = gnu99;
				GCC_NO_COMMON_BLOCKS = YES;
				GCC_WARN_64_TO_32_BIT_CONVERSION = YES;
				GCC_WARN_ABOUT_RETURN_TYPE = YES_ERROR;
				GCC_WARN_UNDECLARED_SELECTOR = YES;
				GCC_WARN_UNINITIALIZED_AUTOS = YES_AGGRESSIVE;
				GCC_WARN_UNUSED_FUNCTION = YES;
				GCC_WARN_UNUSED_VARIABLE = YES;
				IPHONEOS_DEPLOYMENT_TARGET = 9.0;
				MTL_ENABLE_DEBUG_INFO = NO;
				SDKROOT = iphoneos;
				TARGETED_DEVICE_FAMILY = "1,2";
				VALIDATE_PRODUCT = YES;
			};
			name = Release;
		};
		1AD0D3901C0B2C28006BD393 /* Debug */ = {
			isa = XCBuildConfiguration;
			buildSettings = {
				ASSETCATALOG_COMPILER_APPICON_NAME = AppIcon;
				INFOPLIST_FILE = OneLoadingAnimationStep4/Info.plist;
				LD_RUNPATH_SEARCH_PATHS = "$(inherited) @executable_path/Frameworks";
				PRODUCT_BUNDLE_IDENTIFIER = chenms.m2.OneLoadingAnimationStep4;
				PRODUCT_NAME = "$(TARGET_NAME)";
			};
			name = Debug;
		};
		1AD0D3911C0B2C28006BD393 /* Release */ = {
			isa = XCBuildConfiguration;
			buildSettings = {
				ASSETCATALOG_COMPILER_APPICON_NAME = AppIcon;
				INFOPLIST_FILE = OneLoadingAnimationStep4/Info.plist;
				LD_RUNPATH_SEARCH_PATHS = "$(inherited) @executable_path/Frameworks";
				PRODUCT_BUNDLE_IDENTIFIER = chenms.m2.OneLoadingAnimationStep4;
				PRODUCT_NAME = "$(TARGET_NAME)";
			};
			name = Release;
		};
/* End XCBuildConfiguration section */

/* Begin XCConfigurationList section */
		1AD0D3731C0B2C28006BD393 /* Build configuration list for PBXProject "OneLoadingAnimationStep4" */ = {
			isa = XCConfigurationList;
			buildConfigurations = (
				1AD0D38D1C0B2C28006BD393 /* Debug */,
				1AD0D38E1C0B2C28006BD393 /* Release */,
			);
			defaultConfigurationIsVisible = 0;
			defaultConfigurationName = Release;
		};
		1AD0D38F1C0B2C28006BD393 /* Build configuration list for PBXNativeTarget "OneLoadingAnimationStep4" */ = {
			isa = XCConfigurationList;
			buildConfigurations = (
				1AD0D3901C0B2C28006BD393 /* Debug */,
				1AD0D3911C0B2C28006BD393 /* Release */,
			);
			defaultConfigurationIsVisible = 0;
		};
/* End XCConfigurationList section */
	};
	rootObject = 1AD0D3701C0B2C28006BD393 /* Project object */;
}
