// !$*UTF8*$!
{
	archiveVersion = 1;
	classes = {
	};
	objectVersion = 46;
	objects = {

/* Begin PBXBuildFile section */
		1A3B09011C1D600F00648216 /* main.m in Sources */ = {isa = PBXBuildFile; fileRef = 1A3B09001C1D600F00648216 /* main.m */; };
		1A3B09041C1D600F00648216 /* AppDelegate.m in Sources */ = {isa = PBXBuildFile; fileRef = 1A3B09031C1D600F00648216 /* AppDelegate.m */; };
		1A3B09071C1D600F00648216 /* ViewController.m in Sources */ = {isa = PBXBuildFile; fileRef = 1A3B09061C1D600F00648216 /* ViewController.m */; };
		1A3B090A1C1D600F00648216 /* Main.storyboard in Resources */ = {isa = PBXBuildFile; fileRef = 1A3B09081C1D600F00648216 /* Main.storyboard */; };
		1A3B090C1C1D600F00648216 /* Assets.xcassets in Resources */ = {isa = PBXBuildFile; fileRef = 1A3B090B1C1D600F00648216 /* Assets.xcassets */; };
		1A3B090F1C1D600F00648216 /* LaunchScreen.storyboard in Resources */ = {isa = PBXBuildFile; fileRef = 1A3B090D1C1D600F00648216 /* LaunchScreen.storyboard */; };
		1A3B091B1C1D607400648216 /* ArcToCircleLayer.m in Sources */ = {isa = PBXBuildFile; fileRef = 1A3B09181C1D607400648216 /* ArcToCircleLayer.m */; };
		1A3B091C1C1D607400648216 /* OneLoadingAnimationView.m in Sources */ = {isa = PBXBuildFile; fileRef = 1A3B091A1C1D607400648216 /* OneLoadingAnimationView.m */; };
/* End PBXBuildFile section */

/* Begin PBXFileReference section */
		1A3B08FC1C1D600F00648216 /* OneLoadingAnimationComplete.app */ = {isa = PBXFileReference; explicitFileType = wrapper.application; includeInIndex = 0; path = OneLoadingAnimationComplete.app; sourceTree = BUILT_PRODUCTS_DIR; };
		1A3B09001C1D600F00648216 /* main.m */ = {isa = PBXFileReference; lastKnownFileType = sourcecode.c.objc; path = main.m; sourceTree = "<group>"; };
		1A3B09021C1D600F00648216 /* AppDelegate.h */ = {isa = PBXFileReference; lastKnownFileType = sourcecode.c.h; path = AppDelegate.h; sourceTree = "<group>"; };
		1A3B09031C1D600F00648216 /* AppDelegate.m */ = {isa = PBXFileReference; lastKnownFileType = sourcecode.c.objc; path = AppDelegate.m; sourceTree = "<group>"; };
		1A3B09051C1D600F00648216 /* ViewController.h */ = {isa = PBXFileReference; lastKnownFileType = sourcecode.c.h; path = ViewController.h; sourceTree = "<group>"; };
		1A3B09061C1D600F00648216 /* ViewController.m */ = {isa = PBXFileReference; lastKnownFileType = sourcecode.c.objc; path = ViewController.m; sourceTree = "<group>"; };
		1A3B09091C1D600F00648216 /* Base */ = {isa = PBXFileReference; lastKnownFileType = file.storyboard; name = Base; path = Base.lproj/Main.storyboard; sourceTree = "<group>"; };
		1A3B090B1C1D600F00648216 /* Assets.xcassets */ = {isa = PBXFileReference; lastKnownFileType = folder.assetcatalog; path = Assets.xcassets; sourceTree = "<group>"; };
		1A3B090E1C1D600F00648216 /* Base */ = {isa = PBXFileReference; lastKnownFileType = file.storyboard; name = Base; path = Base.lproj/LaunchScreen.storyboard; sourceTree = "<group>"; };
		1A3B09101C1D600F00648216 /* Info.plist */ = {isa = PBXFileReference; lastKnownFileType = text.plist.xml; path = Info.plist; sourceTree = "<group>"; };
		1A3B09171C1D607400648216 /* ArcToCircleLayer.h */ = {isa = PBXFileReference; fileEncoding = 4; lastKnownFileType = sourcecode.c.h; path = ArcToCircleLayer.h; sourceTree = "<group>"; };
		1A3B09181C1D607400648216 /* ArcToCircleLayer.m */ = {isa = PBXFileReference; fileEncoding = 4; lastKnownFileType = sourcecode.c.objc; path = ArcToCircleLayer.m; sourceTree = "<group>"; };
		1A3B09191C1D607400648216 /* OneLoadingAnimationView.h */ = {isa = PBXFileReference; fileEncoding = 4; lastKnownFileType = sourcecode.c.h; path = OneLoadingAnimationView.h; sourceTree = "<group>"; };
		1A3B091A1C1D607400648216 /* OneLoadingAnimationView.m */ = {isa = PBXFileReference; fileEncoding = 4; lastKnownFileType = sourcecode.c.objc; path = OneLoadingAnimationView.m; sourceTree = "<group>"; };
/* End PBXFileReference section */

/* Begin PBXFrameworksBuildPhase section */
		1A3B08F91C1D600F00648216 /* Frameworks */ = {
			isa = PBXFrameworksBuildPhase;
			buildActionMask = 2147483647;
			files = (
			);
			runOnlyForDeploymentPostprocessing = 0;
		};
/* End PBXFrameworksBuildPhase section */

/* Begin PBXGroup section */
		1A3B08F31C1D600F00648216 = {
			isa = PBXGroup;
			children = (
				1A3B08FE1C1D600F00648216 /* OneLoadingAnimationComplete */,
				1A3B08FD1C1D600F00648216 /* Products */,
			);
			sourceTree = "<group>";
		};
		1A3B08FD1C1D600F00648216 /* Products */ = {
			isa = PBXGroup;
			children = (
				1A3B08FC1C1D600F00648216 /* OneLoadingAnimationComplete.app */,
			);
			name = Products;
			sourceTree = "<group>";
		};
		1A3B08FE1C1D600F00648216 /* OneLoadingAnimationComplete */ = {
			isa = PBXGroup;
			children = (
				1A3B09021C1D600F00648216 /* AppDelegate.h */,
				1A3B09031C1D600F00648216 /* AppDelegate.m */,
				1A3B09051C1D600F00648216 /* ViewController.h */,
				1A3B09061C1D600F00648216 /* ViewController.m */,
				1A3B09081C1D600F00648216 /* Main.storyboard */,
				1A3B09161C1D607400648216 /* OneLoadingAnimation */,
				1A3B090B1C1D600F00648216 /* Assets.xcassets */,
				1A3B090D1C1D600F00648216 /* LaunchScreen.storyboard */,
				1A3B09101C1D600F00648216 /* Info.plist */,
				1A3B08FF1C1D600F00648216 /* Supporting Files */,
			);
			path = OneLoadingAnimationComplete;
			sourceTree = "<group>";
		};
		1A3B08FF1C1D600F00648216 /* Supporting Files */ = {
			isa = PBXGroup;
			children = (
				1A3B09001C1D600F00648216 /* main.m */,
			);
			name = "Supporting Files";
			sourceTree = "<group>";
		};
		1A3B09161C1D607400648216 /* OneLoadingAnimation */ = {
			isa = PBXGroup;
			children = (
				1A3B09191C1D607400648216 /* OneLoadingAnimationView.h */,
				1A3B091A1C1D607400648216 /* OneLoadingAnimationView.m */,
				1A3B09171C1D607400648216 /* ArcToCircleLayer.h */,
				1A3B09181C1D607400648216 /* ArcToCircleLayer.m */,
			);
			name = OneLoadingAnimation;
			path = Src/OneLoadingAnimation;
			sourceTree = "<group>";
		};
/* End PBXGroup section */

/* Begin PBXNativeTarget section */
		1A3B08FB1C1D600F00648216 /* OneLoadingAnimationComplete */ = {
			isa = PBXNativeTarget;
			buildConfigurationList = 1A3B09131C1D600F00648216 /* Build configuration list for PBXNativeTarget "OneLoadingAnimationComplete" */;
			buildPhases = (
				1A3B08F81C1D600F00648216 /* Sources */,
				1A3B08F91C1D600F00648216 /* Frameworks */,
				1A3B08FA1C1D600F00648216 /* Resources */,
			);
			buildRules = (
			);
			dependencies = (
			);
			name = OneLoadingAnimationComplete;
			productName = OneLoadingAnimationComplete;
			productReference = 1A3B08FC1C1D600F00648216 /* OneLoadingAnimationComplete.app */;
			productType = "com.apple.product-type.application";
		};
/* End PBXNativeTarget section */

/* Begin PBXProject section */
		1A3B08F41C1D600F00648216 /* Project object */ = {
			isa = PBXProject;
			attributes = {
				LastUpgradeCheck = 0710;
				ORGANIZATIONNAME = chenms.m2;
				TargetAttributes = {
					1A3B08FB1C1D600F00648216 = {
						CreatedOnToolsVersion = 7.1.1;
					};
				};
			};
			buildConfigurationList = 1A3B08F71C1D600F00648216 /* Build configuration list for PBXProject "OneLoadingAnimationComplete" */;
			compatibilityVersion = "Xcode 3.2";
			developmentRegion = English;
			hasScannedForEncodings = 0;
			knownRegions = (
				en,
				Base,
			);
			mainGroup = 1A3B08F31C1D600F00648216;
			productRefGroup = 1A3B08FD1C1D600F00648216 /* Products */;
			projectDirPath = "";
			projectRoot = "";
			targets = (
				1A3B08FB1C1D600F00648216 /* OneLoadingAnimationComplete */,
			);
		};
/* End PBXProject section */

/* Begin PBXResourcesBuildPhase section */
		1A3B08FA1C1D600F00648216 /* Resources */ = {
			isa = PBXResourcesBuildPhase;
			buildActionMask = 2147483647;
			files = (
				1A3B090F1C1D600F00648216 /* LaunchScreen.storyboard in Resources */,
				1A3B090C1C1D600F00648216 /* Assets.xcassets in Resources */,
				1A3B090A1C1D600F00648216 /* Main.storyboard in Resources */,
			);
			runOnlyForDeploymentPostprocessing = 0;
		};
/* End PBXResourcesBuildPhase section */

/* Begin PBXSourcesBuildPhase section */
		1A3B08F81C1D600F00648216 /* Sources */ = {
			isa = PBXSourcesBuildPhase;
			buildActionMask = 2147483647;
			files = (
				1A3B091C1C1D607400648216 /* OneLoadingAnimationView.m in Sources */,
				1A3B09071C1D600F00648216 /* ViewController.m in Sources */,
				1A3B091B1C1D607400648216 /* ArcToCircleLayer.m in Sources */,
				1A3B09041C1D600F00648216 /* AppDelegate.m in Sources */,
				1A3B09011C1D600F00648216 /* main.m in Sources */,
			);
			runOnlyForDeploymentPostprocessing = 0;
		};
/* End PBXSourcesBuildPhase section */

/* Begin PBXVariantGroup section */
		1A3B09081C1D600F00648216 /* Main.storyboard */ = {
			isa = PBXVariantGroup;
			children = (
				1A3B09091C1D600F00648216 /* Base */,
			);
			name = Main.storyboard;
			sourceTree = "<group>";
		};
		1A3B090D1C1D600F00648216 /* LaunchScreen.storyboard */ = {
			isa = PBXVariantGroup;
			children = (
				1A3B090E1C1D600F00648216 /* Base */,
			);
			name = LaunchScreen.storyboard;
			sourceTree = "<group>";
		};
/* End PBXVariantGroup section */

/* Begin XCBuildConfiguration section */
		1A3B09111C1D600F00648216 /* Debug */ = {
			isa = XCBuildConfiguration;
			buildSettings = {
				ALWAYS_SEARCH_USER_PATHS = NO;
				CLANG_CXX_LANGUAGE_STANDARD = "gnu++0x";
				CLANG_CXX_LIBRARY = "libc++";
				CLANG_ENABLE_MODULES = YES;
				CLANG_ENABLE_OBJC_ARC = YES;
				CLANG_WARN_BOOL_CONVERSION = YES;
				CLANG_WARN_CONSTANT_CONVERSION = YES;
				CLANG_WARN_DIRECT_OBJC_ISA_USAGE = YES_ERROR;
				CLANG_WARN_EMPTY_BODY = YES;
				CLANG_WARN_ENUM_CONVERSION = YES;
				CLANG_WARN_INT_CONVERSION = YES;
				CLANG_WARN_OBJC_ROOT_CLASS = YES_ERROR;
				CLANG_WARN_UNREACHABLE_CODE = YES;
				CLANG_WARN__DUPLICATE_METHOD_MATCH = YES;
				"CODE_SIGN_IDENTITY[sdk=iphoneos*]" = "iPhone Developer";
				COPY_PHASE_STRIP = NO;
				DEBUG_INFORMATION_FORMAT = dwarf;
				ENABLE_STRICT_OBJC_MSGSEND = YES;
				ENABLE_TESTABILITY = YES;
				GCC_C_LANGUAGE_STANDARD = gnu99;
				GCC_DYNAMIC_NO_PIC = NO;
				GCC_NO_COMMON_BLOCKS = YES;
				GCC_OPTIMIZATION_LEVEL = 0;
				GCC_PREPROCESSOR_DEFINITIONS = (
					"DEBUG=1",
					"$(inherited)",
				);
				GCC_WARN_64_TO_32_BIT_CONVERSION = YES;
				GCC_WARN_ABOUT_RETURN_TYPE = YES_ERROR;
				GCC_WARN_UNDECLARED_SELECTOR = YES;
				GCC_WARN_UNINITIALIZED_AUTOS = YES_AGGRESSIVE;
				GCC_WARN_UNUSED_FUNCTION = YES;
				GCC_WARN_UNUSED_VARIABLE = YES;
				IPHONEOS_DEPLOYMENT_TARGET = 9.1;
				MTL_ENABLE_DEBUG_INFO = YES;
				ONLY_ACTIVE_ARCH = YES;
				SDKROOT = iphoneos;
				TARGETED_DEVICE_FAMILY = "1,2";
			};
			name = Debug;
		};
		1A3B09121C1D600F00648216 /* Release */ = {
			isa = XCBuildConfiguration;
			buildSettings = {
				ALWAYS_SEARCH_USER_PATHS = NO;
				CLANG_CXX_LANGUAGE_STANDARD = "gnu++0x";
				CLANG_CXX_LIBRARY = "libc++";
				CLANG_ENABLE_MODULES = YES;
				CLANG_ENABLE_OBJC_ARC = YES;
				CLANG_WARN_BOOL_CONVERSION = YES;
				CLANG_WARN_CONSTANT_CONVERSION = YES;
				CLANG_WARN_DIRECT_OBJC_ISA_USAGE = YES_ERROR;
				CLANG_WARN_EMPTY_BODY = YES;
				CLANG_WARN_ENUM_CONVERSION = YES;
				CLANG_WARN_INT_CONVERSION = YES;
				CLANG_WARN_OBJC_ROOT_CLASS = YES_ERROR;
				CLANG_WARN_UNREACHABLE_CODE = YES;
				CLANG_WARN__DUPLICATE_METHOD_MATCH = YES;
				"CODE_SIGN_IDENTITY[sdk=iphoneos*]" = "iPhone Developer";
				COPY_PHASE_STRIP = NO;
				DEBUG_INFORMATION_FORMAT = "dwarf-with-dsym";
				ENABLE_NS_ASSERTIONS = NO;
				ENABLE_STRICT_OBJC_MSGSEND = YES;
				GCC_C_LANGUAGE_STANDARD = gnu99;
				GCC_NO_COMMON_BLOCKS = YES;
				GCC_WARN_64_TO_32_BIT_CONVERSION = YES;
				GCC_WARN_ABOUT_RETURN_TYPE = YES_ERROR;
				GCC_WARN_UNDECLARED_SELECTOR = YES;
				GCC_WARN_UNINITIALIZED_AUTOS = YES_AGGRESSIVE;
				GCC_WARN_UNUSED_FUNCTION = YES;
				GCC_WARN_UNUSED_VARIABLE = YES;
				IPHONEOS_DEPLOYMENT_TARGET = 9.1;
				MTL_ENABLE_DEBUG_INFO = NO;
				SDKROOT = iphoneos;
				TARGETED_DEVICE_FAMILY = "1,2";
				VALIDATE_PRODUCT = YES;
			};
			name = Release;
		};
		1A3B09141C1D600F00648216 /* Debug */ = {
			isa = XCBuildConfiguration;
			buildSettings = {
				ASSETCATALOG_COMPILER_APPICON_NAME = AppIcon;
				INFOPLIST_FILE = OneLoadingAnimationComplete/Info.plist;
				LD_RUNPATH_SEARCH_PATHS = "$(inherited) @executable_path/Frameworks";
				PRODUCT_BUNDLE_IDENTIFIER = chenms.m2.OneLoadingAnimationComplete;
				PRODUCT_NAME = "$(TARGET_NAME)";
			};
			name = Debug;
		};
		1A3B09151C1D600F00648216 /* Release */ = {
			isa = XCBuildConfiguration;
			buildSettings = {
				ASSETCATALOG_COMPILER_APPICON_NAME = AppIcon;
				INFOPLIST_FILE = OneLoadingAnimationComplete/Info.plist;
				LD_RUNPATH_SEARCH_PATHS = "$(inherited) @executable_path/Frameworks";
				PRODUCT_BUNDLE_IDENTIFIER = chenms.m2.OneLoadingAnimationComplete;
				PRODUCT_NAME = "$(TARGET_NAME)";
			};
			name = Release;
		};
/* End XCBuildConfiguration section */

/* Begin XCConfigurationList section */
		1A3B08F71C1D600F00648216 /* Build configuration list for PBXProject "OneLoadingAnimationComplete" */ = {
			isa = XCConfigurationList;
			buildConfigurations = (
				1A3B09111C1D600F00648216 /* Debug */,
				1A3B09121C1D600F00648216 /* Release */,
			);
			defaultConfigurationIsVisible = 0;
			defaultConfigurationName = Release;
		};
		1A3B09131C1D600F00648216 /* Build configuration list for PBXNativeTarget "OneLoadingAnimationComplete" */ = {
			isa = XCConfigurationList;
			buildConfigurations = (
				1A3B09141C1D600F00648216 /* Debug */,
				1A3B09151C1D600F00648216 /* Release */,
			);
			defaultConfigurationIsVisible = 0;
		};
/* End XCConfigurationList section */
	};
	rootObject = 1A3B08F41C1D600F00648216 /* Project object */;
}
